// !$*UTF8*$!
{
	archiveVersion = 1;
	classes = {
	};
	objectVersion = 46;
	objects = {

/* Begin PBXBuildFile section */
		2C5C46DD26B4F00D005E8C85 /* libcurl.tbd in Frameworks */ = {isa = PBXBuildFile; fileRef = 2C5C46DC26B4F00D005E8C85 /* libcurl.tbd */; };
		2C5C46DF26B4F014005E8C85 /* AudioToolbox.framework in Frameworks */ = {isa = PBXBuildFile; fileRef = 2C5C46DE26B4F014005E8C85 /* AudioToolbox.framework */; };
		2C5C46E126B4F01C005E8C85 /* AVFoundation.framework in Frameworks */ = {isa = PBXBuildFile; fileRef = 2C5C46E026B4F01C005E8C85 /* AVFoundation.framework */; };
		2C5C46E326B4F023005E8C85 /* CoreAudio.framework in Frameworks */ = {isa = PBXBuildFile; fileRef = 2C5C46E226B4F023005E8C85 /* CoreAudio.framework */; };
		2C5C46E526B4F02A005E8C85 /* CoreMedia.framework in Frameworks */ = {isa = PBXBuildFile; fileRef = 2C5C46E426B4F02A005E8C85 /* CoreMedia.framework */; };
		2C5C46E726B4F034005E8C85 /* libSiv3D.a in Frameworks */ = {isa = PBXBuildFile; fileRef = 2C5C46E626B4F034005E8C85 /* libSiv3D.a */; };
		2C5C46EB26B4F04D005E8C85 /* libfreetype.a in Frameworks */ = {isa = PBXBuildFile; fileRef = 2C5C46EA26B4F04D005E8C85 /* libfreetype.a */; };
		2C5C46ED26B4F056005E8C85 /* libharfbuzz.a in Frameworks */ = {isa = PBXBuildFile; fileRef = 2C5C46EC26B4F056005E8C85 /* libharfbuzz.a */; };
		2C5C46EF26B4F05B005E8C85 /* liblibgif.a in Frameworks */ = {isa = PBXBuildFile; fileRef = 2C5C46EE26B4F05B005E8C85 /* liblibgif.a */; };
		2C5C46F126B4F065005E8C85 /* libturbojpeg.a in Frameworks */ = {isa = PBXBuildFile; fileRef = 2C5C46F026B4F065005E8C85 /* libturbojpeg.a */; };
		2C5C46F326B4F069005E8C85 /* libogg.a in Frameworks */ = {isa = PBXBuildFile; fileRef = 2C5C46F226B4F069005E8C85 /* libogg.a */; };
		2C5C46F526B4F06D005E8C85 /* libpng16.a in Frameworks */ = {isa = PBXBuildFile; fileRef = 2C5C46F426B4F06D005E8C85 /* libpng16.a */; };
		2C5C46F726B4F071005E8C85 /* libtiff.a in Frameworks */ = {isa = PBXBuildFile; fileRef = 2C5C46F626B4F071005E8C85 /* libtiff.a */; };
		2C5C46FB26B4F076005E8C85 /* libvorbisfile.a in Frameworks */ = {isa = PBXBuildFile; fileRef = 2C5C46F826B4F076005E8C85 /* libvorbisfile.a */; };
		2C5C46FC26B4F076005E8C85 /* libvorbisenc.a in Frameworks */ = {isa = PBXBuildFile; fileRef = 2C5C46F926B4F076005E8C85 /* libvorbisenc.a */; };
		2C5C46FD26B4F076005E8C85 /* libvorbis.a in Frameworks */ = {isa = PBXBuildFile; fileRef = 2C5C46FA26B4F076005E8C85 /* libvorbis.a */; };
		2C5C46FF26B4F07D005E8C85 /* libwebp.a in Frameworks */ = {isa = PBXBuildFile; fileRef = 2C5C46FE26B4F07D005E8C85 /* libwebp.a */; };
		2C5C470626B4F084005E8C85 /* libopencv_imgcodecs.a in Frameworks */ = {isa = PBXBuildFile; fileRef = 2C5C470026B4F083005E8C85 /* libopencv_imgcodecs.a */; };
		2C5C470726B4F084005E8C85 /* libopencv_objdetect.a in Frameworks */ = {isa = PBXBuildFile; fileRef = 2C5C470126B4F083005E8C85 /* libopencv_objdetect.a */; };
		2C5C470826B4F084005E8C85 /* libopencv_imgproc.a in Frameworks */ = {isa = PBXBuildFile; fileRef = 2C5C470226B4F083005E8C85 /* libopencv_imgproc.a */; };
		2C5C470926B4F084005E8C85 /* libopencv_core.a in Frameworks */ = {isa = PBXBuildFile; fileRef = 2C5C470326B4F083005E8C85 /* libopencv_core.a */; };
		2C5C470A26B4F084005E8C85 /* libopencv_photo.a in Frameworks */ = {isa = PBXBuildFile; fileRef = 2C5C470426B4F083005E8C85 /* libopencv_photo.a */; };
		2C5C470B26B4F084005E8C85 /* libopencv_videoio.a in Frameworks */ = {isa = PBXBuildFile; fileRef = 2C5C470526B4F083005E8C85 /* libopencv_videoio.a */; };
		2C5C470E26B4F08A005E8C85 /* libopusfile.a in Frameworks */ = {isa = PBXBuildFile; fileRef = 2C5C470C26B4F08A005E8C85 /* libopusfile.a */; };
		2C5C470F26B4F08A005E8C85 /* libopus.a in Frameworks */ = {isa = PBXBuildFile; fileRef = 2C5C470D26B4F08A005E8C85 /* libopus.a */; };
		2C5C471126B4F08E005E8C85 /* libzlib.a in Frameworks */ = {isa = PBXBuildFile; fileRef = 2C5C471026B4F08E005E8C85 /* libzlib.a */; };
		2C6906D82298140F00A427D0 /* engine in Resources */ = {isa = PBXBuildFile; fileRef = 2C6906D72298140F00A427D0 /* engine */; };
		2CD8412C283263B2005013A6 /* libboost_filesystem.a in Frameworks */ = {isa = PBXBuildFile; fileRef = 2CD8412B283263B2005013A6 /* libboost_filesystem.a */; };
		C7D7A01A2DD20F4400F9F0D0 /* icon.icns in Resources */ = {isa = PBXBuildFile; fileRef = C7D7A0192DD20F4400F9F0D0 /* icon.icns */; };
		C7EDBA1D2E0D996D00EB520F /* BuffSpawnEffect.cpp in Sources */ = {isa = PBXBuildFile; fileRef = C7EDB9C02E0D996D00EB520F /* BuffSpawnEffect.cpp */; };
		C7EDBA1E2E0D996D00EB520F /* Ground.cpp in Sources */ = {isa = PBXBuildFile; fileRef = C7EDB9F22E0D996D00EB520F /* Ground.cpp */; };
		C7EDBA1F2E0D996D00EB520F /* Ammo.cpp in Sources */ = {isa = PBXBuildFile; fileRef = C7EDB9EE2E0D996D00EB520F /* Ammo.cpp */; };
		C7EDBA202E0D996D00EB520F /* Game.cpp in Sources */ = {isa = PBXBuildFile; fileRef = C7EDB9FF2E0D996D00EB520F /* Game.cpp */; };
		C7EDBA212E0D996D00EB520F /* Confetti.cpp in Sources */ = {isa = PBXBuildFile; fileRef = C7EDB9DC2E0D996D00EB520F /* Confetti.cpp */; };
		C7EDBA222E0D996D00EB520F /* Tentacles.cpp in Sources */ = {isa = PBXBuildFile; fileRef = C7EDB9D72E0D996D00EB520F /* Tentacles.cpp */; };
		C7EDBA232E0D996D00EB520F /* Wall.cpp in Sources */ = {isa = PBXBuildFile; fileRef = C7EDB9FA2E0D996D00EB520F /* Wall.cpp */; };
		C7EDBA242E0D996D00EB520F /* EnemyBase.cpp in Sources */ = {isa = PBXBuildFile; fileRef = C7EDB9CF2E0D996D00EB520F /* EnemyBase.cpp */; };
		C7EDBA252E0D996D00EB520F /* 1.cpp in Sources */ = {isa = PBXBuildFile; fileRef = C7EDBA082E0D996D00EB520F /* 1.cpp */; };
		C7EDBA262E0D996D00EB520F /* Vaillant.cpp in Sources */ = {isa = PBXBuildFile; fileRef = C7EDB9D92E0D996D00EB520F /* Vaillant.cpp */; };
		C7EDBA272E0D996D00EB520F /* TutorialStage.cpp in Sources */ = {isa = PBXBuildFile; fileRef = C7EDBA0C2E0D996D00EB520F /* TutorialStage.cpp */; };
		C7EDBA282E0D996D00EB520F /* main.cpp in Sources */ = {isa = PBXBuildFile; fileRef = C7EDBA192E0D996D00EB520F /* main.cpp */; };
		C7EDBA292E0D996D00EB520F /* Flot.cpp in Sources */ = {isa = PBXBuildFile; fileRef = C7EDB9C92E0D996D00EB520F /* Flot.cpp */; };
		C7EDBA2A2E0D996D00EB520F /* GameClear.cpp in Sources */ = {isa = PBXBuildFile; fileRef = C7EDBA012E0D996D00EB520F /* GameClear.cpp */; };
		C7EDBA2B2E0D996D00EB520F /* EnemyBoss.cpp in Sources */ = {isa = PBXBuildFile; fileRef = C7EDBA0F2E0D996D00EB520F /* EnemyBoss.cpp */; };
		C7EDBA2C2E0D996D00EB520F /* PlayerHUD.cpp in Sources */ = {isa = PBXBuildFile; fileRef = C7EDBA122E0D996D00EB520F /* PlayerHUD.cpp */; };
		C7EDBA2D2E0D996D00EB520F /* CloudOfDustEffect.cpp in Sources */ = {isa = PBXBuildFile; fileRef = C7EDB9C22E0D996D00EB520F /* CloudOfDustEffect.cpp */; };
		C7EDBA2E2E0D996D00EB520F /* Player.cpp in Sources */ = {isa = PBXBuildFile; fileRef = C7EDB9D32E0D996D00EB520F /* Player.cpp */; };
		C7EDBA2F2E0D996D00EB520F /* Leaf.cpp in Sources */ = {isa = PBXBuildFile; fileRef = C7EDB9F62E0D996D00EB520F /* Leaf.cpp */; };
		C7EDBA302E0D996D00EB520F /* StageBackground.cpp in Sources */ = {isa = PBXBuildFile; fileRef = C7EDB9F82E0D996D00EB520F /* StageBackground.cpp */; };
		C7EDBA312E0D996D00EB520F /* HitBox.cpp in Sources */ = {isa = PBXBuildFile; fileRef = C7EDB9F42E0D996D00EB520F /* HitBox.cpp */; };
		C7EDBA322E0D996D00EB520F /* ExclamationMarkEffect.cpp in Sources */ = {isa = PBXBuildFile; fileRef = C7EDB9C42E0D996D00EB520F /* ExclamationMarkEffect.cpp */; };
		C7EDBA332E0D996D00EB520F /* Base.cpp in Sources */ = {isa = PBXBuildFile; fileRef = C7EDB9F02E0D996D00EB520F /* Base.cpp */; };
		C7EDBA342E0D996D00EB520F /* SpriteAnimator.cpp in Sources */ = {isa = PBXBuildFile; fileRef = C7EDB9E02E0D996D00EB520F /* SpriteAnimator.cpp */; };
		C7EDBA352E0D996D00EB520F /* DebugBoss.cpp in Sources */ = {isa = PBXBuildFile; fileRef = C7EDBA0A2E0D996D00EB520F /* DebugBoss.cpp */; };
		C7EDBA362E0D996D00EB520F /* Scarerun.cpp in Sources */ = {isa = PBXBuildFile; fileRef = C7EDB9CC2E0D996D00EB520F /* Scarerun.cpp */; };
		C7EDBA372E0D996D00EB520F /* MoveSpeedBuff.cpp in Sources */ = {isa = PBXBuildFile; fileRef = C7EDB9E82E0D996D00EB520F /* MoveSpeedBuff.cpp */; };
		C7EDBA382E0D996D00EB520F /* SmallHitEffect.cpp in Sources */ = {isa = PBXBuildFile; fileRef = C7EDB9C62E0D996D00EB520F /* SmallHitEffect.cpp */; };
		C7EDBA392E0D996D00EB520F /* Slime.cpp in Sources */ = {isa = PBXBuildFile; fileRef = C7EDB9D52E0D996D00EB520F /* Slime.cpp */; };
		C7EDBA3A2E0D996D00EB520F /* Stage.cpp in Sources */ = {isa = PBXBuildFile; fileRef = C7EDBA1B2E0D996D00EB520F /* Stage.cpp */; };
		C7EDBA3B2E0D996D00EB520F /* Title.cpp in Sources */ = {isa = PBXBuildFile; fileRef = C7EDBA052E0D996D00EB520F /* Title.cpp */; };
		C7EDBA3C2E0D996D00EB520F /* AttackPowerBuff.cpp in Sources */ = {isa = PBXBuildFile; fileRef = C7EDB9E52E0D996D00EB520F /* AttackPowerBuff.cpp */; };
		C7EDBA3D2E0D996D00EB520F /* GameOver.cpp in Sources */ = {isa = PBXBuildFile; fileRef = C7EDBA032E0D996D00EB520F /* GameOver.cpp */; };
		C7EDBA3E2E0D996D00EB520F /* BuffBase.cpp in Sources */ = {isa = PBXBuildFile; fileRef = C7EDB9EB2E0D996D00EB520F /* BuffBase.cpp */; };
		C7EDBA3F2E0D996D00EB520F /* Smoke.cpp in Sources */ = {isa = PBXBuildFile; fileRef = C7EDB9DE2E0D996D00EB520F /* Smoke.cpp */; };
		C7EDBA402E0D996D00EB520F /* CustomImageLoader.cpp in Sources */ = {isa = PBXBuildFile; fileRef = C7EDBA152E0D996D00EB520F /* CustomImageLoader.cpp */; };
		C7EDBA412E0D996D00EB520F /* Star.cpp in Sources */ = {isa = PBXBuildFile; fileRef = C7EDB9E22E0D996D00EB520F /* Star.cpp */; };
		C7EDBA422E0D996D00EB520F /* CreditRoll.cpp in Sources */ = {isa = PBXBuildFile; fileRef = C7EDB9FD2E0D996D00EB520F /* CreditRoll.cpp */; };
		C7EDBA432E0D996D00EB520F /* BloodImpactEffect.cpp in Sources */ = {isa = PBXBuildFile; fileRef = C7EDB9BE2E0D996D00EB520F /* BloodImpactEffect.cpp */; };
/* End PBXBuildFile section */

/* Begin PBXFileReference section */
		2C1778841CE0A9EA00BB8AD0 /* empty.app */ = {isa = PBXFileReference; explicitFileType = wrapper.application; includeInIndex = 0; path = empty.app; sourceTree = BUILT_PRODUCTS_DIR; };
		2C1778921CE0A9EA00BB8AD0 /* Info.plist */ = {isa = PBXFileReference; lastKnownFileType = text.plist.xml; path = Info.plist; sourceTree = "<group>"; };
		2C5C46DC26B4F00D005E8C85 /* libcurl.tbd */ = {isa = PBXFileReference; lastKnownFileType = "sourcecode.text-based-dylib-definition"; name = libcurl.tbd; path = usr/lib/libcurl.tbd; sourceTree = SDKROOT; };
		2C5C46DE26B4F014005E8C85 /* AudioToolbox.framework */ = {isa = PBXFileReference; lastKnownFileType = wrapper.framework; name = AudioToolbox.framework; path = System/Library/Frameworks/AudioToolbox.framework; sourceTree = SDKROOT; };
		2C5C46E026B4F01C005E8C85 /* AVFoundation.framework */ = {isa = PBXFileReference; lastKnownFileType = wrapper.framework; name = AVFoundation.framework; path = System/Library/Frameworks/AVFoundation.framework; sourceTree = SDKROOT; };
		2C5C46E226B4F023005E8C85 /* CoreAudio.framework */ = {isa = PBXFileReference; lastKnownFileType = wrapper.framework; name = CoreAudio.framework; path = System/Library/Frameworks/CoreAudio.framework; sourceTree = SDKROOT; };
		2C5C46E426B4F02A005E8C85 /* CoreMedia.framework */ = {isa = PBXFileReference; lastKnownFileType = wrapper.framework; name = CoreMedia.framework; path = System/Library/Frameworks/CoreMedia.framework; sourceTree = SDKROOT; };
		2C5C46E626B4F034005E8C85 /* libSiv3D.a */ = {isa = PBXFileReference; lastKnownFileType = archive.ar; name = libSiv3D.a; path = ../../lib/macOS/libSiv3D.a; sourceTree = "<group>"; };
		2C5C46EA26B4F04D005E8C85 /* libfreetype.a */ = {isa = PBXFileReference; lastKnownFileType = archive.ar; name = libfreetype.a; path = ../../lib/macOS/freetype/libfreetype.a; sourceTree = "<group>"; };
		2C5C46EC26B4F056005E8C85 /* libharfbuzz.a */ = {isa = PBXFileReference; lastKnownFileType = archive.ar; name = libharfbuzz.a; path = ../../lib/macOS/harfbuzz/libharfbuzz.a; sourceTree = "<group>"; };
		2C5C46EE26B4F05B005E8C85 /* liblibgif.a */ = {isa = PBXFileReference; lastKnownFileType = archive.ar; name = liblibgif.a; path = ../../lib/macOS/libgif/liblibgif.a; sourceTree = "<group>"; };
		2C5C46F026B4F065005E8C85 /* libturbojpeg.a */ = {isa = PBXFileReference; lastKnownFileType = archive.ar; name = libturbojpeg.a; path = "../../lib/macOS/libjpeg-turbo/libturbojpeg.a"; sourceTree = "<group>"; };
		2C5C46F226B4F069005E8C85 /* libogg.a */ = {isa = PBXFileReference; lastKnownFileType = archive.ar; name = libogg.a; path = ../../lib/macOS/libogg/libogg.a; sourceTree = "<group>"; };
		2C5C46F426B4F06D005E8C85 /* libpng16.a */ = {isa = PBXFileReference; lastKnownFileType = archive.ar; name = libpng16.a; path = ../../lib/macOS/libpng/libpng16.a; sourceTree = "<group>"; };
		2C5C46F626B4F071005E8C85 /* libtiff.a */ = {isa = PBXFileReference; lastKnownFileType = archive.ar; name = libtiff.a; path = ../../lib/macOS/libtiff/libtiff.a; sourceTree = "<group>"; };
		2C5C46F826B4F076005E8C85 /* libvorbisfile.a */ = {isa = PBXFileReference; lastKnownFileType = archive.ar; name = libvorbisfile.a; path = ../../lib/macOS/libvorbis/libvorbisfile.a; sourceTree = "<group>"; };
		2C5C46F926B4F076005E8C85 /* libvorbisenc.a */ = {isa = PBXFileReference; lastKnownFileType = archive.ar; name = libvorbisenc.a; path = ../../lib/macOS/libvorbis/libvorbisenc.a; sourceTree = "<group>"; };
		2C5C46FA26B4F076005E8C85 /* libvorbis.a */ = {isa = PBXFileReference; lastKnownFileType = archive.ar; name = libvorbis.a; path = ../../lib/macOS/libvorbis/libvorbis.a; sourceTree = "<group>"; };
		2C5C46FE26B4F07D005E8C85 /* libwebp.a */ = {isa = PBXFileReference; lastKnownFileType = archive.ar; name = libwebp.a; path = ../../lib/macOS/libwebp/libwebp.a; sourceTree = "<group>"; };
		2C5C470026B4F083005E8C85 /* libopencv_imgcodecs.a */ = {isa = PBXFileReference; lastKnownFileType = archive.ar; name = libopencv_imgcodecs.a; path = ../../lib/macOS/opencv/libopencv_imgcodecs.a; sourceTree = "<group>"; };
		2C5C470126B4F083005E8C85 /* libopencv_objdetect.a */ = {isa = PBXFileReference; lastKnownFileType = archive.ar; name = libopencv_objdetect.a; path = ../../lib/macOS/opencv/libopencv_objdetect.a; sourceTree = "<group>"; };
		2C5C470226B4F083005E8C85 /* libopencv_imgproc.a */ = {isa = PBXFileReference; lastKnownFileType = archive.ar; name = libopencv_imgproc.a; path = ../../lib/macOS/opencv/libopencv_imgproc.a; sourceTree = "<group>"; };
		2C5C470326B4F083005E8C85 /* libopencv_core.a */ = {isa = PBXFileReference; lastKnownFileType = archive.ar; name = libopencv_core.a; path = ../../lib/macOS/opencv/libopencv_core.a; sourceTree = "<group>"; };
		2C5C470426B4F083005E8C85 /* libopencv_photo.a */ = {isa = PBXFileReference; lastKnownFileType = archive.ar; name = libopencv_photo.a; path = ../../lib/macOS/opencv/libopencv_photo.a; sourceTree = "<group>"; };
		2C5C470526B4F083005E8C85 /* libopencv_videoio.a */ = {isa = PBXFileReference; lastKnownFileType = archive.ar; name = libopencv_videoio.a; path = ../../lib/macOS/opencv/libopencv_videoio.a; sourceTree = "<group>"; };
		2C5C470C26B4F08A005E8C85 /* libopusfile.a */ = {isa = PBXFileReference; lastKnownFileType = archive.ar; name = libopusfile.a; path = ../../lib/macOS/opus/libopusfile.a; sourceTree = "<group>"; };
		2C5C470D26B4F08A005E8C85 /* libopus.a */ = {isa = PBXFileReference; lastKnownFileType = archive.ar; name = libopus.a; path = ../../lib/macOS/opus/libopus.a; sourceTree = "<group>"; };
		2C5C471026B4F08E005E8C85 /* libzlib.a */ = {isa = PBXFileReference; lastKnownFileType = archive.ar; name = libzlib.a; path = ../../lib/macOS/zlib/libzlib.a; sourceTree = "<group>"; };
		2C6906D72298140F00A427D0 /* engine */ = {isa = PBXFileReference; lastKnownFileType = folder; name = engine; path = App/engine; sourceTree = "<group>"; };
		2CD8412B283263B2005013A6 /* libboost_filesystem.a */ = {isa = PBXFileReference; lastKnownFileType = archive.ar; name = libboost_filesystem.a; path = ../../lib/macOS/boost/libboost_filesystem.a; sourceTree = "<group>"; };
		C7D7A0192DD20F4400F9F0D0 /* icon.icns */ = {isa = PBXFileReference; lastKnownFileType = image.icns; name = icon.icns; path = App/icon.icns; sourceTree = "<group>"; };
		C7EDB9BD2E0D996D00EB520F /* BloodImpactEffect.h */ = {isa = PBXFileReference; lastKnownFileType = sourcecode.c.h; path = BloodImpactEffect.h; sourceTree = "<group>"; };
		C7EDB9BE2E0D996D00EB520F /* BloodImpactEffect.cpp */ = {isa = PBXFileReference; lastKnownFileType = sourcecode.cpp.cpp; path = BloodImpactEffect.cpp; sourceTree = "<group>"; };
		C7EDB9BF2E0D996D00EB520F /* BuffSpawnEffect.h */ = {isa = PBXFileReference; lastKnownFileType = sourcecode.c.h; path = BuffSpawnEffect.h; sourceTree = "<group>"; };
		C7EDB9C02E0D996D00EB520F /* BuffSpawnEffect.cpp */ = {isa = PBXFileReference; lastKnownFileType = sourcecode.cpp.cpp; path = BuffSpawnEffect.cpp; sourceTree = "<group>"; };
		C7EDB9C12E0D996D00EB520F /* CloudOfDustEffect.h */ = {isa = PBXFileReference; lastKnownFileType = sourcecode.c.h; path = CloudOfDustEffect.h; sourceTree = "<group>"; };
		C7EDB9C22E0D996D00EB520F /* CloudOfDustEffect.cpp */ = {isa = PBXFileReference; lastKnownFileType = sourcecode.cpp.cpp; path = CloudOfDustEffect.cpp; sourceTree = "<group>"; };
		C7EDB9C32E0D996D00EB520F /* ExclamationMarkEffect.h */ = {isa = PBXFileReference; lastKnownFileType = sourcecode.c.h; path = ExclamationMarkEffect.h; sourceTree = "<group>"; };
		C7EDB9C42E0D996D00EB520F /* ExclamationMarkEffect.cpp */ = {isa = PBXFileReference; lastKnownFileType = sourcecode.cpp.cpp; path = ExclamationMarkEffect.cpp; sourceTree = "<group>"; };
		C7EDB9C52E0D996D00EB520F /* SmallHitEffect.h */ = {isa = PBXFileReference; lastKnownFileType = sourcecode.c.h; path = SmallHitEffect.h; sourceTree = "<group>"; };
		C7EDB9C62E0D996D00EB520F /* SmallHitEffect.cpp */ = {isa = PBXFileReference; lastKnownFileType = sourcecode.cpp.cpp; path = SmallHitEffect.cpp; sourceTree = "<group>"; };
		C7EDB9C82E0D996D00EB520F /* Flot.hpp */ = {isa = PBXFileReference; lastKnownFileType = sourcecode.cpp.h; path = Flot.hpp; sourceTree = "<group>"; };
		C7EDB9C92E0D996D00EB520F /* Flot.cpp */ = {isa = PBXFileReference; lastKnownFileType = sourcecode.cpp.cpp; path = Flot.cpp; sourceTree = "<group>"; };
		C7EDB9CB2E0D996D00EB520F /* Scarerun.hpp */ = {isa = PBXFileReference; lastKnownFileType = sourcecode.cpp.h; path = Scarerun.hpp; sourceTree = "<group>"; };
		C7EDB9CC2E0D996D00EB520F /* Scarerun.cpp */ = {isa = PBXFileReference; lastKnownFileType = sourcecode.cpp.cpp; path = Scarerun.cpp; sourceTree = "<group>"; };
		C7EDB9CE2E0D996D00EB520F /* EnemyBase.hpp */ = {isa = PBXFileReference; lastKnownFileType = sourcecode.cpp.h; path = EnemyBase.hpp; sourceTree = "<group>"; };
		C7EDB9CF2E0D996D00EB520F /* EnemyBase.cpp */ = {isa = PBXFileReference; lastKnownFileType = sourcecode.cpp.cpp; path = EnemyBase.cpp; sourceTree = "<group>"; };
		C7EDB9D12E0D996D00EB520F /* Base.hpp */ = {isa = PBXFileReference; lastKnownFileType = sourcecode.cpp.h; path = Base.hpp; sourceTree = "<group>"; };
		C7EDB9D22E0D996D00EB520F /* Player.hpp */ = {isa = PBXFileReference; lastKnownFileType = sourcecode.cpp.h; path = Player.hpp; sourceTree = "<group>"; };
		C7EDB9D32E0D996D00EB520F /* Player.cpp */ = {isa = PBXFileReference; lastKnownFileType = sourcecode.cpp.cpp; path = Player.cpp; sourceTree = "<group>"; };
		C7EDB9D42E0D996D00EB520F /* Slime.hpp */ = {isa = PBXFileReference; lastKnownFileType = sourcecode.cpp.h; path = Slime.hpp; sourceTree = "<group>"; };
		C7EDB9D52E0D996D00EB520F /* Slime.cpp */ = {isa = PBXFileReference; lastKnownFileType = sourcecode.cpp.cpp; path = Slime.cpp; sourceTree = "<group>"; };
		C7EDB9D62E0D996D00EB520F /* Tentacles.hpp */ = {isa = PBXFileReference; lastKnownFileType = sourcecode.cpp.h; path = Tentacles.hpp; sourceTree = "<group>"; };
		C7EDB9D72E0D996D00EB520F /* Tentacles.cpp */ = {isa = PBXFileReference; lastKnownFileType = sourcecode.cpp.cpp; path = Tentacles.cpp; sourceTree = "<group>"; };
		C7EDB9D82E0D996D00EB520F /* Vaillant.hpp */ = {isa = PBXFileReference; lastKnownFileType = sourcecode.cpp.h; path = Vaillant.hpp; sourceTree = "<group>"; };
		C7EDB9D92E0D996D00EB520F /* Vaillant.cpp */ = {isa = PBXFileReference; lastKnownFileType = sourcecode.cpp.cpp; path = Vaillant.cpp; sourceTree = "<group>"; };
		C7EDB9DB2E0D996D00EB520F /* Confetti.h */ = {isa = PBXFileReference; lastKnownFileType = sourcecode.c.h; path = Confetti.h; sourceTree = "<group>"; };
		C7EDB9DC2E0D996D00EB520F /* Confetti.cpp */ = {isa = PBXFileReference; lastKnownFileType = sourcecode.cpp.cpp; path = Confetti.cpp; sourceTree = "<group>"; };
		C7EDB9DD2E0D996D00EB520F /* Smoke.h */ = {isa = PBXFileReference; lastKnownFileType = sourcecode.c.h; path = Smoke.h; sourceTree = "<group>"; };
		C7EDB9DE2E0D996D00EB520F /* Smoke.cpp */ = {isa = PBXFileReference; lastKnownFileType = sourcecode.cpp.cpp; path = Smoke.cpp; sourceTree = "<group>"; };
		C7EDB9DF2E0D996D00EB520F /* SpriteAnimator.hpp */ = {isa = PBXFileReference; lastKnownFileType = sourcecode.cpp.h; path = SpriteAnimator.hpp; sourceTree = "<group>"; };
		C7EDB9E02E0D996D00EB520F /* SpriteAnimator.cpp */ = {isa = PBXFileReference; lastKnownFileType = sourcecode.cpp.cpp; path = SpriteAnimator.cpp; sourceTree = "<group>"; };
		C7EDB9E12E0D996D00EB520F /* Star.h */ = {isa = PBXFileReference; lastKnownFileType = sourcecode.c.h; path = Star.h; sourceTree = "<group>"; };
		C7EDB9E22E0D996D00EB520F /* Star.cpp */ = {isa = PBXFileReference; lastKnownFileType = sourcecode.cpp.cpp; path = Star.cpp; sourceTree = "<group>"; };
		C7EDB9E42E0D996D00EB520F /* AttackPowerBuff.h */ = {isa = PBXFileReference; lastKnownFileType = sourcecode.c.h; path = AttackPowerBuff.h; sourceTree = "<group>"; };
		C7EDB9E52E0D996D00EB520F /* AttackPowerBuff.cpp */ = {isa = PBXFileReference; lastKnownFileType = sourcecode.cpp.cpp; path = AttackPowerBuff.cpp; sourceTree = "<group>"; };
		C7EDB9E72E0D996D00EB520F /* MoveSpeedBuff.h */ = {isa = PBXFileReference; lastKnownFileType = sourcecode.c.h; path = MoveSpeedBuff.h; sourceTree = "<group>"; };
		C7EDB9E82E0D996D00EB520F /* MoveSpeedBuff.cpp */ = {isa = PBXFileReference; lastKnownFileType = sourcecode.cpp.cpp; path = MoveSpeedBuff.cpp; sourceTree = "<group>"; };
		C7EDB9EA2E0D996D00EB520F /* BuffBase.hpp */ = {isa = PBXFileReference; lastKnownFileType = sourcecode.cpp.h; path = BuffBase.hpp; sourceTree = "<group>"; };
		C7EDB9EB2E0D996D00EB520F /* BuffBase.cpp */ = {isa = PBXFileReference; lastKnownFileType = sourcecode.cpp.cpp; path = BuffBase.cpp; sourceTree = "<group>"; };
		C7EDB9ED2E0D996D00EB520F /* Ammo.hpp */ = {isa = PBXFileReference; lastKnownFileType = sourcecode.cpp.h; path = Ammo.hpp; sourceTree = "<group>"; };
		C7EDB9EE2E0D996D00EB520F /* Ammo.cpp */ = {isa = PBXFileReference; lastKnownFileType = sourcecode.cpp.cpp; path = Ammo.cpp; sourceTree = "<group>"; };
		C7EDB9EF2E0D996D00EB520F /* Base.hpp */ = {isa = PBXFileReference; lastKnownFileType = sourcecode.cpp.h; path = Base.hpp; sourceTree = "<group>"; };
		C7EDB9F02E0D996D00EB520F /* Base.cpp */ = {isa = PBXFileReference; lastKnownFileType = sourcecode.cpp.cpp; path = Base.cpp; sourceTree = "<group>"; };
		C7EDB9F12E0D996D00EB520F /* Ground.hpp */ = {isa = PBXFileReference; lastKnownFileType = sourcecode.cpp.h; path = Ground.hpp; sourceTree = "<group>"; };
		C7EDB9F22E0D996D00EB520F /* Ground.cpp */ = {isa = PBXFileReference; lastKnownFileType = sourcecode.cpp.cpp; path = Ground.cpp; sourceTree = "<group>"; };
		C7EDB9F32E0D996D00EB520F /* HitBox.hpp */ = {isa = PBXFileReference; lastKnownFileType = sourcecode.cpp.h; path = HitBox.hpp; sourceTree = "<group>"; };
		C7EDB9F42E0D996D00EB520F /* HitBox.cpp */ = {isa = PBXFileReference; lastKnownFileType = sourcecode.cpp.cpp; path = HitBox.cpp; sourceTree = "<group>"; };
		C7EDB9F52E0D996D00EB520F /* Leaf.h */ = {isa = PBXFileReference; lastKnownFileType = sourcecode.c.h; path = Leaf.h; sourceTree = "<group>"; };
		C7EDB9F62E0D996D00EB520F /* Leaf.cpp */ = {isa = PBXFileReference; lastKnownFileType = sourcecode.cpp.cpp; path = Leaf.cpp; sourceTree = "<group>"; };
		C7EDB9F72E0D996D00EB520F /* StageBackground.hpp */ = {isa = PBXFileReference; lastKnownFileType = sourcecode.cpp.h; path = StageBackground.hpp; sourceTree = "<group>"; };
		C7EDB9F82E0D996D00EB520F /* StageBackground.cpp */ = {isa = PBXFileReference; lastKnownFileType = sourcecode.cpp.cpp; path = StageBackground.cpp; sourceTree = "<group>"; };
		C7EDB9F92E0D996D00EB520F /* Wall.hpp */ = {isa = PBXFileReference; lastKnownFileType = sourcecode.cpp.h; path = Wall.hpp; sourceTree = "<group>"; };
		C7EDB9FA2E0D996D00EB520F /* Wall.cpp */ = {isa = PBXFileReference; lastKnownFileType = sourcecode.cpp.cpp; path = Wall.cpp; sourceTree = "<group>"; };
		C7EDB9FC2E0D996D00EB520F /* CreditRoll.h */ = {isa = PBXFileReference; lastKnownFileType = sourcecode.c.h; path = CreditRoll.h; sourceTree = "<group>"; };
		C7EDB9FD2E0D996D00EB520F /* CreditRoll.cpp */ = {isa = PBXFileReference; lastKnownFileType = sourcecode.cpp.cpp; path = CreditRoll.cpp; sourceTree = "<group>"; };
		C7EDB9FE2E0D996D00EB520F /* Game.hpp */ = {isa = PBXFileReference; lastKnownFileType = sourcecode.cpp.h; path = Game.hpp; sourceTree = "<group>"; };
		C7EDB9FF2E0D996D00EB520F /* Game.cpp */ = {isa = PBXFileReference; lastKnownFileType = sourcecode.cpp.cpp; path = Game.cpp; sourceTree = "<group>"; };
		C7EDBA002E0D996D00EB520F /* GameClear.hpp */ = {isa = PBXFileReference; lastKnownFileType = sourcecode.cpp.h; path = GameClear.hpp; sourceTree = "<group>"; };
		C7EDBA012E0D996D00EB520F /* GameClear.cpp */ = {isa = PBXFileReference; lastKnownFileType = sourcecode.cpp.cpp; path = GameClear.cpp; sourceTree = "<group>"; };
		C7EDBA022E0D996D00EB520F /* GameOver.h */ = {isa = PBXFileReference; lastKnownFileType = sourcecode.c.h; path = GameOver.h; sourceTree = "<group>"; };
		C7EDBA032E0D996D00EB520F /* GameOver.cpp */ = {isa = PBXFileReference; lastKnownFileType = sourcecode.cpp.cpp; path = GameOver.cpp; sourceTree = "<group>"; };
		C7EDBA042E0D996D00EB520F /* Title.hpp */ = {isa = PBXFileReference; lastKnownFileType = sourcecode.cpp.h; path = Title.hpp; sourceTree = "<group>"; };
		C7EDBA052E0D996D00EB520F /* Title.cpp */ = {isa = PBXFileReference; lastKnownFileType = sourcecode.cpp.cpp; path = Title.cpp; sourceTree = "<group>"; };
		C7EDBA072E0D996D00EB520F /* 1.hpp */ = {isa = PBXFileReference; lastKnownFileType = sourcecode.cpp.h; path = 1.hpp; sourceTree = "<group>"; };
		C7EDBA082E0D996D00EB520F /* 1.cpp */ = {isa = PBXFileReference; lastKnownFileType = sourcecode.cpp.cpp; path = 1.cpp; sourceTree = "<group>"; };
		C7EDBA092E0D996D00EB520F /* DebugBoss.hpp */ = {isa = PBXFileReference; lastKnownFileType = sourcecode.cpp.h; path = DebugBoss.hpp; sourceTree = "<group>"; };
		C7EDBA0A2E0D996D00EB520F /* DebugBoss.cpp */ = {isa = PBXFileReference; lastKnownFileType = sourcecode.cpp.cpp; path = DebugBoss.cpp; sourceTree = "<group>"; };
		C7EDBA0B2E0D996D00EB520F /* TutorialStage.hpp */ = {isa = PBXFileReference; lastKnownFileType = sourcecode.cpp.h; path = TutorialStage.hpp; sourceTree = "<group>"; };
		C7EDBA0C2E0D996D00EB520F /* TutorialStage.cpp */ = {isa = PBXFileReference; lastKnownFileType = sourcecode.cpp.cpp; path = TutorialStage.cpp; sourceTree = "<group>"; };
		C7EDBA0E2E0D996D00EB520F /* EnemyBoss.hpp */ = {isa = PBXFileReference; lastKnownFileType = sourcecode.cpp.h; path = EnemyBoss.hpp; sourceTree = "<group>"; };
		C7EDBA0F2E0D996D00EB520F /* EnemyBoss.cpp */ = {isa = PBXFileReference; lastKnownFileType = sourcecode.cpp.cpp; path = EnemyBoss.cpp; sourceTree = "<group>"; };
		C7EDBA102E0D996D00EB520F /* HPBar.hpp */ = {isa = PBXFileReference; lastKnownFileType = sourcecode.cpp.h; path = HPBar.hpp; sourceTree = "<group>"; };
		C7EDBA112E0D996D00EB520F /* PlayerHUD.hpp */ = {isa = PBXFileReference; lastKnownFileType = sourcecode.cpp.h; path = PlayerHUD.hpp; sourceTree = "<group>"; };
		C7EDBA122E0D996D00EB520F /* PlayerHUD.cpp */ = {isa = PBXFileReference; lastKnownFileType = sourcecode.cpp.cpp; path = PlayerHUD.cpp; sourceTree = "<group>"; };
		C7EDBA142E0D996D00EB520F /* CustomImageLoader.hpp */ = {isa = PBXFileReference; lastKnownFileType = sourcecode.cpp.h; path = CustomImageLoader.hpp; sourceTree = "<group>"; };
		C7EDBA152E0D996D00EB520F /* CustomImageLoader.cpp */ = {isa = PBXFileReference; lastKnownFileType = sourcecode.cpp.cpp; path = CustomImageLoader.cpp; sourceTree = "<group>"; };
		C7EDBA162E0D996D00EB520F /* Timer.hpp */ = {isa = PBXFileReference; lastKnownFileType = sourcecode.cpp.h; path = Timer.hpp; sourceTree = "<group>"; };
		C7EDBA182E0D996D00EB520F /* Common.hpp */ = {isa = PBXFileReference; lastKnownFileType = sourcecode.cpp.h; path = Common.hpp; sourceTree = "<group>"; };
		C7EDBA192E0D996D00EB520F /* main.cpp */ = {isa = PBXFileReference; lastKnownFileType = sourcecode.cpp.cpp; path = main.cpp; sourceTree = "<group>"; };
		C7EDBA1A2E0D996D00EB520F /* Stage.hpp */ = {isa = PBXFileReference; lastKnownFileType = sourcecode.cpp.h; path = Stage.hpp; sourceTree = "<group>"; };
		C7EDBA1B2E0D996D00EB520F /* Stage.cpp */ = {isa = PBXFileReference; lastKnownFileType = sourcecode.cpp.cpp; path = Stage.cpp; sourceTree = "<group>"; };
/* End PBXFileReference section */

/* Begin PBXFrameworksBuildPhase section */
		2C1778811CE0A9EA00BB8AD0 /* Frameworks */ = {
			isa = PBXFrameworksBuildPhase;
			buildActionMask = 2147483647;
			files = (
				2C5C46DF26B4F014005E8C85 /* AudioToolbox.framework in Frameworks */,
				2C5C46E126B4F01C005E8C85 /* AVFoundation.framework in Frameworks */,
				2C5C46E326B4F023005E8C85 /* CoreAudio.framework in Frameworks */,
				2C5C46E526B4F02A005E8C85 /* CoreMedia.framework in Frameworks */,
				2C5C46DD26B4F00D005E8C85 /* libcurl.tbd in Frameworks */,
				2C5C46E726B4F034005E8C85 /* libSiv3D.a in Frameworks */,
				2CD8412C283263B2005013A6 /* libboost_filesystem.a in Frameworks */,
				2C5C470E26B4F08A005E8C85 /* libopusfile.a in Frameworks */,
				2C5C471126B4F08E005E8C85 /* libzlib.a in Frameworks */,
				2C5C470F26B4F08A005E8C85 /* libopus.a in Frameworks */,
				2C5C46F726B4F071005E8C85 /* libtiff.a in Frameworks */,
				2C5C470626B4F084005E8C85 /* libopencv_imgcodecs.a in Frameworks */,
				2C5C470726B4F084005E8C85 /* libopencv_objdetect.a in Frameworks */,
				2C5C470826B4F084005E8C85 /* libopencv_imgproc.a in Frameworks */,
				2C5C470926B4F084005E8C85 /* libopencv_core.a in Frameworks */,
				2C5C470A26B4F084005E8C85 /* libopencv_photo.a in Frameworks */,
				2C5C470B26B4F084005E8C85 /* libopencv_videoio.a in Frameworks */,
				2C5C46FF26B4F07D005E8C85 /* libwebp.a in Frameworks */,
				2C5C46FB26B4F076005E8C85 /* libvorbisfile.a in Frameworks */,
				2C5C46FC26B4F076005E8C85 /* libvorbisenc.a in Frameworks */,
				2C5C46FD26B4F076005E8C85 /* libvorbis.a in Frameworks */,
				2C5C46ED26B4F056005E8C85 /* libharfbuzz.a in Frameworks */,
				2C5C46EB26B4F04D005E8C85 /* libfreetype.a in Frameworks */,
				2C5C46F526B4F06D005E8C85 /* libpng16.a in Frameworks */,
				2C5C46F326B4F069005E8C85 /* libogg.a in Frameworks */,
				2C5C46F126B4F065005E8C85 /* libturbojpeg.a in Frameworks */,
				2C5C46EF26B4F05B005E8C85 /* liblibgif.a in Frameworks */,
			);
			runOnlyForDeploymentPostprocessing = 0;
		};
/* End PBXFrameworksBuildPhase section */

/* Begin PBXGroup section */
		2C1778791CE0A9D800BB8AD0 = {
			isa = PBXGroup;
			children = (
				2C6906D72298140F00A427D0 /* engine */,
				2C1778921CE0A9EA00BB8AD0 /* Info.plist */,
				2C1778851CE0A9EA00BB8AD0 /* Products */,
				2CC7F9861F45930A0071A239 /* Frameworks */,
				C7D7A0192DD20F4400F9F0D0 /* icon.icns */,
				C7EDBA1C2E0D996D00EB520F /* source */,
			);
			sourceTree = "<group>";
		};
		2C1778851CE0A9EA00BB8AD0 /* Products */ = {
			isa = PBXGroup;
			children = (
				2C1778841CE0A9EA00BB8AD0 /* empty.app */,
			);
			name = Products;
			sourceTree = "<group>";
		};
		2CC7F9861F45930A0071A239 /* Frameworks */ = {
			isa = PBXGroup;
			children = (
				2CD8412B283263B2005013A6 /* libboost_filesystem.a */,
				2C5C471026B4F08E005E8C85 /* libzlib.a */,
				2C5C470D26B4F08A005E8C85 /* libopus.a */,
				2C5C470C26B4F08A005E8C85 /* libopusfile.a */,
				2C5C470326B4F083005E8C85 /* libopencv_core.a */,
				2C5C470026B4F083005E8C85 /* libopencv_imgcodecs.a */,
				2C5C470226B4F083005E8C85 /* libopencv_imgproc.a */,
				2C5C470126B4F083005E8C85 /* libopencv_objdetect.a */,
				2C5C470426B4F083005E8C85 /* libopencv_photo.a */,
				2C5C470526B4F083005E8C85 /* libopencv_videoio.a */,
				2C5C46FE26B4F07D005E8C85 /* libwebp.a */,
				2C5C46FA26B4F076005E8C85 /* libvorbis.a */,
				2C5C46F926B4F076005E8C85 /* libvorbisenc.a */,
				2C5C46F826B4F076005E8C85 /* libvorbisfile.a */,
				2C5C46F626B4F071005E8C85 /* libtiff.a */,
				2C5C46F426B4F06D005E8C85 /* libpng16.a */,
				2C5C46F226B4F069005E8C85 /* libogg.a */,
				2C5C46F026B4F065005E8C85 /* libturbojpeg.a */,
				2C5C46EE26B4F05B005E8C85 /* liblibgif.a */,
				2C5C46EC26B4F056005E8C85 /* libharfbuzz.a */,
				2C5C46EA26B4F04D005E8C85 /* libfreetype.a */,
				2C5C46E626B4F034005E8C85 /* libSiv3D.a */,
				2C5C46E426B4F02A005E8C85 /* CoreMedia.framework */,
				2C5C46E226B4F023005E8C85 /* CoreAudio.framework */,
				2C5C46E026B4F01C005E8C85 /* AVFoundation.framework */,
				2C5C46DE26B4F014005E8C85 /* AudioToolbox.framework */,
				2C5C46DC26B4F00D005E8C85 /* libcurl.tbd */,
			);
			name = Frameworks;
			sourceTree = "<group>";
		};
		C7EDB9C72E0D996D00EB520F /* Effect */ = {
			isa = PBXGroup;
			children = (
				C7EDB9BD2E0D996D00EB520F /* BloodImpactEffect.h */,
				C7EDB9BE2E0D996D00EB520F /* BloodImpactEffect.cpp */,
				C7EDB9BF2E0D996D00EB520F /* BuffSpawnEffect.h */,
				C7EDB9C02E0D996D00EB520F /* BuffSpawnEffect.cpp */,
				C7EDB9C12E0D996D00EB520F /* CloudOfDustEffect.h */,
				C7EDB9C22E0D996D00EB520F /* CloudOfDustEffect.cpp */,
				C7EDB9C32E0D996D00EB520F /* ExclamationMarkEffect.h */,
				C7EDB9C42E0D996D00EB520F /* ExclamationMarkEffect.cpp */,
				C7EDB9C52E0D996D00EB520F /* SmallHitEffect.h */,
				C7EDB9C62E0D996D00EB520F /* SmallHitEffect.cpp */,
			);
			path = Effect;
			sourceTree = "<group>";
		};
		C7EDB9CA2E0D996D00EB520F /* Flot */ = {
			isa = PBXGroup;
			children = (
				C7EDB9C82E0D996D00EB520F /* Flot.hpp */,
				C7EDB9C92E0D996D00EB520F /* Flot.cpp */,
			);
			path = Flot;
			sourceTree = "<group>";
		};
		C7EDB9CD2E0D996D00EB520F /* Scarerun */ = {
			isa = PBXGroup;
			children = (
				C7EDB9CB2E0D996D00EB520F /* Scarerun.hpp */,
				C7EDB9CC2E0D996D00EB520F /* Scarerun.cpp */,
			);
			path = Scarerun;
			sourceTree = "<group>";
		};
		C7EDB9D02E0D996D00EB520F /* Enemies */ = {
			isa = PBXGroup;
			children = (
				C7EDB9C72E0D996D00EB520F /* Effect */,
				C7EDB9CA2E0D996D00EB520F /* Flot */,
				C7EDB9CD2E0D996D00EB520F /* Scarerun */,
				C7EDB9CE2E0D996D00EB520F /* EnemyBase.hpp */,
				C7EDB9CF2E0D996D00EB520F /* EnemyBase.cpp */,
			);
			path = Enemies;
			sourceTree = "<group>";
		};
		C7EDB9DA2E0D996D00EB520F /* Characters */ = {
			isa = PBXGroup;
			children = (
				C7EDB9D02E0D996D00EB520F /* Enemies */,
				C7EDB9D12E0D996D00EB520F /* Base.hpp */,
				C7EDB9D22E0D996D00EB520F /* Player.hpp */,
				C7EDB9D32E0D996D00EB520F /* Player.cpp */,
				C7EDB9D42E0D996D00EB520F /* Slime.hpp */,
				C7EDB9D52E0D996D00EB520F /* Slime.cpp */,
				C7EDB9D62E0D996D00EB520F /* Tentacles.hpp */,
				C7EDB9D72E0D996D00EB520F /* Tentacles.cpp */,
				C7EDB9D82E0D996D00EB520F /* Vaillant.hpp */,
				C7EDB9D92E0D996D00EB520F /* Vaillant.cpp */,
			);
			path = Characters;
			sourceTree = "<group>";
		};
		C7EDB9E32E0D996D00EB520F /* Effects */ = {
			isa = PBXGroup;
			children = (
				C7EDB9DB2E0D996D00EB520F /* Confetti.h */,
				C7EDB9DC2E0D996D00EB520F /* Confetti.cpp */,
				C7EDB9DD2E0D996D00EB520F /* Smoke.h */,
				C7EDB9DE2E0D996D00EB520F /* Smoke.cpp */,
				C7EDB9DF2E0D996D00EB520F /* SpriteAnimator.hpp */,
				C7EDB9E02E0D996D00EB520F /* SpriteAnimator.cpp */,
				C7EDB9E12E0D996D00EB520F /* Star.h */,
				C7EDB9E22E0D996D00EB520F /* Star.cpp */,
			);
			path = Effects;
			sourceTree = "<group>";
		};
		C7EDB9E62E0D996D00EB520F /* Attack */ = {
			isa = PBXGroup;
			children = (
				C7EDB9E42E0D996D00EB520F /* AttackPowerBuff.h */,
				C7EDB9E52E0D996D00EB520F /* AttackPowerBuff.cpp */,
			);
			path = Attack;
			sourceTree = "<group>";
		};
		C7EDB9E92E0D996D00EB520F /* MoveSpeed */ = {
			isa = PBXGroup;
			children = (
				C7EDB9E72E0D996D00EB520F /* MoveSpeedBuff.h */,
				C7EDB9E82E0D996D00EB520F /* MoveSpeedBuff.cpp */,
			);
			path = MoveSpeed;
			sourceTree = "<group>";
		};
		C7EDB9EC2E0D996D00EB520F /* Buff */ = {
			isa = PBXGroup;
			children = (
				C7EDB9E62E0D996D00EB520F /* Attack */,
				C7EDB9E92E0D996D00EB520F /* MoveSpeed */,
				C7EDB9EA2E0D996D00EB520F /* BuffBase.hpp */,
				C7EDB9EB2E0D996D00EB520F /* BuffBase.cpp */,
			);
			path = Buff;
			sourceTree = "<group>";
		};
		C7EDB9FB2E0D996D00EB520F /* Objects */ = {
			isa = PBXGroup;
			children = (
				C7EDB9EC2E0D996D00EB520F /* Buff */,
				C7EDB9ED2E0D996D00EB520F /* Ammo.hpp */,
				C7EDB9EE2E0D996D00EB520F /* Ammo.cpp */,
				C7EDB9EF2E0D996D00EB520F /* Base.hpp */,
				C7EDB9F02E0D996D00EB520F /* Base.cpp */,
				C7EDB9F12E0D996D00EB520F /* Ground.hpp */,
				C7EDB9F22E0D996D00EB520F /* Ground.cpp */,
				C7EDB9F32E0D996D00EB520F /* HitBox.hpp */,
				C7EDB9F42E0D996D00EB520F /* HitBox.cpp */,
				C7EDB9F52E0D996D00EB520F /* Leaf.h */,
				C7EDB9F62E0D996D00EB520F /* Leaf.cpp */,
				C7EDB9F72E0D996D00EB520F /* StageBackground.hpp */,
				C7EDB9F82E0D996D00EB520F /* StageBackground.cpp */,
				C7EDB9F92E0D996D00EB520F /* Wall.hpp */,
				C7EDB9FA2E0D996D00EB520F /* Wall.cpp */,
			);
			path = Objects;
			sourceTree = "<group>";
		};
		C7EDBA062E0D996D00EB520F /* Scenes */ = {
			isa = PBXGroup;
			children = (
				C7EDB9FC2E0D996D00EB520F /* CreditRoll.h */,
				C7EDB9FD2E0D996D00EB520F /* CreditRoll.cpp */,
				C7EDB9FE2E0D996D00EB520F /* Game.hpp */,
				C7EDB9FF2E0D996D00EB520F /* Game.cpp */,
				C7EDBA002E0D996D00EB520F /* GameClear.hpp */,
				C7EDBA012E0D996D00EB520F /* GameClear.cpp */,
				C7EDBA022E0D996D00EB520F /* GameOver.h */,
				C7EDBA032E0D996D00EB520F /* GameOver.cpp */,
				C7EDBA042E0D996D00EB520F /* Title.hpp */,
				C7EDBA052E0D996D00EB520F /* Title.cpp */,
			);
			path = Scenes;
			sourceTree = "<group>";
		};
		C7EDBA0D2E0D996D00EB520F /* Stages */ = {
			isa = PBXGroup;
			children = (
				C7EDBA072E0D996D00EB520F /* 1.hpp */,
				C7EDBA082E0D996D00EB520F /* 1.cpp */,
				C7EDBA092E0D996D00EB520F /* DebugBoss.hpp */,
				C7EDBA0A2E0D996D00EB520F /* DebugBoss.cpp */,
				C7EDBA0B2E0D996D00EB520F /* TutorialStage.hpp */,
				C7EDBA0C2E0D996D00EB520F /* TutorialStage.cpp */,
			);
			path = Stages;
			sourceTree = "<group>";
		};
		C7EDBA132E0D996D00EB520F /* UI */ = {
			isa = PBXGroup;
			children = (
				C7EDBA0E2E0D996D00EB520F /* EnemyBoss.hpp */,
				C7EDBA0F2E0D996D00EB520F /* EnemyBoss.cpp */,
				C7EDBA102E0D996D00EB520F /* HPBar.hpp */,
				C7EDBA112E0D996D00EB520F /* PlayerHUD.hpp */,
				C7EDBA122E0D996D00EB520F /* PlayerHUD.cpp */,
			);
			path = UI;
			sourceTree = "<group>";
		};
		C7EDBA172E0D996D00EB520F /* Utils */ = {
			isa = PBXGroup;
			children = (
				C7EDBA142E0D996D00EB520F /* CustomImageLoader.hpp */,
				C7EDBA152E0D996D00EB520F /* CustomImageLoader.cpp */,
				C7EDBA162E0D996D00EB520F /* Timer.hpp */,
			);
			path = Utils;
			sourceTree = "<group>";
		};
		C7EDBA1C2E0D996D00EB520F /* source */ = {
			isa = PBXGroup;
			children = (
				C7EDB9DA2E0D996D00EB520F /* Characters */,
				C7EDB9E32E0D996D00EB520F /* Effects */,
				C7EDB9FB2E0D996D00EB520F /* Objects */,
				C7EDBA062E0D996D00EB520F /* Scenes */,
				C7EDBA0D2E0D996D00EB520F /* Stages */,
				C7EDBA132E0D996D00EB520F /* UI */,
				C7EDBA172E0D996D00EB520F /* Utils */,
				C7EDBA182E0D996D00EB520F /* Common.hpp */,
				C7EDBA192E0D996D00EB520F /* main.cpp */,
				C7EDBA1A2E0D996D00EB520F /* Stage.hpp */,
				C7EDBA1B2E0D996D00EB520F /* Stage.cpp */,
			);
			path = source;
			sourceTree = "<group>";
		};
/* End PBXGroup section */

/* Begin PBXNativeTarget section */
		2C1778831CE0A9EA00BB8AD0 /* empty */ = {
			isa = PBXNativeTarget;
			buildConfigurationList = 2C1778931CE0A9EA00BB8AD0 /* Build configuration list for PBXNativeTarget "empty" */;
			buildPhases = (
				2C1778801CE0A9EA00BB8AD0 /* Sources */,
				2C1778811CE0A9EA00BB8AD0 /* Frameworks */,
				2C1778821CE0A9EA00BB8AD0 /* Resources */,
			);
			buildRules = (
			);
			dependencies = (
			);
			name = empty;
			productName = empty;
			productReference = 2C1778841CE0A9EA00BB8AD0 /* empty.app */;
			productType = "com.apple.product-type.application";
		};
/* End PBXNativeTarget section */

/* Begin PBXProject section */
		2C17787A1CE0A9D800BB8AD0 /* Project object */ = {
			isa = PBXProject;
			attributes = {
				LastUpgradeCheck = 1250;
				TargetAttributes = {
					2C1778831CE0A9EA00BB8AD0 = {
						CreatedOnToolsVersion = 7.3.1;
					};
				};
			};
			buildConfigurationList = 2C17787D1CE0A9D800BB8AD0 /* Build configuration list for PBXProject "siv3d" */;
			compatibilityVersion = "Xcode 3.2";
			developmentRegion = en;
			hasScannedForEncodings = 0;
			knownRegions = (
				en,
				Base,
			);
			mainGroup = 2C1778791CE0A9D800BB8AD0;
			productRefGroup = 2C1778851CE0A9EA00BB8AD0 /* Products */;
			projectDirPath = "";
			projectRoot = "";
			targets = (
				2C1778831CE0A9EA00BB8AD0 /* empty */,
			);
		};
/* End PBXProject section */

/* Begin PBXResourcesBuildPhase section */
		2C1778821CE0A9EA00BB8AD0 /* Resources */ = {
			isa = PBXResourcesBuildPhase;
			buildActionMask = 2147483647;
			files = (
				2C6906D82298140F00A427D0 /* engine in Resources */,
				C7D7A01A2DD20F4400F9F0D0 /* icon.icns in Resources */,
			);
			runOnlyForDeploymentPostprocessing = 0;
		};
/* End PBXResourcesBuildPhase section */

/* Begin PBXSourcesBuildPhase section */
		2C1778801CE0A9EA00BB8AD0 /* Sources */ = {
			isa = PBXSourcesBuildPhase;
			buildActionMask = 2147483647;
			files = (
				C7EDBA1D2E0D996D00EB520F /* BuffSpawnEffect.cpp in Sources */,
				C7EDBA1E2E0D996D00EB520F /* Ground.cpp in Sources */,
				C7EDBA1F2E0D996D00EB520F /* Ammo.cpp in Sources */,
				C7EDBA202E0D996D00EB520F /* Game.cpp in Sources */,
				C7EDBA212E0D996D00EB520F /* Confetti.cpp in Sources */,
				C7EDBA222E0D996D00EB520F /* Tentacles.cpp in Sources */,
				C7EDBA232E0D996D00EB520F /* Wall.cpp in Sources */,
				C7EDBA242E0D996D00EB520F /* EnemyBase.cpp in Sources */,
				C7EDBA252E0D996D00EB520F /* 1.cpp in Sources */,
				C7EDBA262E0D996D00EB520F /* Vaillant.cpp in Sources */,
				C7EDBA272E0D996D00EB520F /* TutorialStage.cpp in Sources */,
				C7EDBA282E0D996D00EB520F /* main.cpp in Sources */,
				C7EDBA292E0D996D00EB520F /* Flot.cpp in Sources */,
				C7EDBA2A2E0D996D00EB520F /* GameClear.cpp in Sources */,
				C7EDBA2B2E0D996D00EB520F /* EnemyBoss.cpp in Sources */,
				C7EDBA2C2E0D996D00EB520F /* PlayerHUD.cpp in Sources */,
				C7EDBA2D2E0D996D00EB520F /* CloudOfDustEffect.cpp in Sources */,
				C7EDBA2E2E0D996D00EB520F /* Player.cpp in Sources */,
				C7EDBA2F2E0D996D00EB520F /* Leaf.cpp in Sources */,
				C7EDBA302E0D996D00EB520F /* StageBackground.cpp in Sources */,
				C7EDBA312E0D996D00EB520F /* HitBox.cpp in Sources */,
				C7EDBA322E0D996D00EB520F /* ExclamationMarkEffect.cpp in Sources */,
				C7EDBA332E0D996D00EB520F /* Base.cpp in Sources */,
				C7EDBA342E0D996D00EB520F /* SpriteAnimator.cpp in Sources */,
				C7EDBA352E0D996D00EB520F /* DebugBoss.cpp in Sources */,
				C7EDBA362E0D996D00EB520F /* Scarerun.cpp in Sources */,
				C7EDBA372E0D996D00EB520F /* MoveSpeedBuff.cpp in Sources */,
				C7EDBA382E0D996D00EB520F /* SmallHitEffect.cpp in Sources */,
				C7EDBA392E0D996D00EB520F /* Slime.cpp in Sources */,
				C7EDBA3A2E0D996D00EB520F /* Stage.cpp in Sources */,
				C7EDBA3B2E0D996D00EB520F /* Title.cpp in Sources */,
				C7EDBA3C2E0D996D00EB520F /* AttackPowerBuff.cpp in Sources */,
				C7EDBA3D2E0D996D00EB520F /* GameOver.cpp in Sources */,
				C7EDBA3E2E0D996D00EB520F /* BuffBase.cpp in Sources */,
				C7EDBA3F2E0D996D00EB520F /* Smoke.cpp in Sources */,
				C7EDBA402E0D996D00EB520F /* CustomImageLoader.cpp in Sources */,
				C7EDBA412E0D996D00EB520F /* Star.cpp in Sources */,
				C7EDBA422E0D996D00EB520F /* CreditRoll.cpp in Sources */,
				C7EDBA432E0D996D00EB520F /* BloodImpactEffect.cpp in Sources */,
			);
			runOnlyForDeploymentPostprocessing = 0;
		};
/* End PBXSourcesBuildPhase section */

/* Begin XCBuildConfiguration section */
		2C17787E1CE0A9D800BB8AD0 /* Debug */ = {
			isa = XCBuildConfiguration;
			buildSettings = {
				CLANG_ANALYZER_LOCALIZABILITY_NONLOCALIZED = YES;
				CLANG_WARN_BLOCK_CAPTURE_AUTORELEASING = YES;
				CLANG_WARN_BOOL_CONVERSION = YES;
				CLANG_WARN_COMMA = YES;
				CLANG_WARN_CONSTANT_CONVERSION = YES;
				CLANG_WARN_DEPRECATED_OBJC_IMPLEMENTATIONS = YES;
				CLANG_WARN_EMPTY_BODY = YES;
				CLANG_WARN_ENUM_CONVERSION = YES;
				CLANG_WARN_INFINITE_RECURSION = YES;
				CLANG_WARN_INT_CONVERSION = YES;
				CLANG_WARN_NON_LITERAL_NULL_CONVERSION = YES;
				CLANG_WARN_OBJC_IMPLICIT_RETAIN_SELF = YES;
				CLANG_WARN_OBJC_LITERAL_CONVERSION = YES;
				CLANG_WARN_QUOTED_INCLUDE_IN_FRAMEWORK_HEADER = YES;
				CLANG_WARN_RANGE_LOOP_ANALYSIS = YES;
				CLANG_WARN_STRICT_PROTOTYPES = YES;
				CLANG_WARN_SUSPICIOUS_MOVE = YES;
				CLANG_WARN_UNREACHABLE_CODE = YES;
				CLANG_WARN__DUPLICATE_METHOD_MATCH = YES;
				ENABLE_STRICT_OBJC_MSGSEND = YES;
				ENABLE_TESTABILITY = YES;
				GCC_NO_COMMON_BLOCKS = YES;
				GCC_SYMBOLS_PRIVATE_EXTERN = YES;
				GCC_WARN_64_TO_32_BIT_CONVERSION = YES;
				GCC_WARN_ABOUT_RETURN_TYPE = YES;
				GCC_WARN_UNDECLARED_SELECTOR = YES;
				GCC_WARN_UNINITIALIZED_AUTOS = YES;
				GCC_WARN_UNUSED_FUNCTION = YES;
				GCC_WARN_UNUSED_VARIABLE = YES;
				ONLY_ACTIVE_ARCH = YES;
				OTHER_CPLUSPLUSFLAGS = (
					"$(OTHER_CFLAGS)",
					"-std=c++1z",
				);
			};
			name = Debug;
		};
		2C17787F1CE0A9D800BB8AD0 /* Release */ = {
			isa = XCBuildConfiguration;
			buildSettings = {
				CLANG_ANALYZER_LOCALIZABILITY_NONLOCALIZED = YES;
				CLANG_WARN_BLOCK_CAPTURE_AUTORELEASING = YES;
				CLANG_WARN_BOOL_CONVERSION = YES;
				CLANG_WARN_COMMA = YES;
				CLANG_WARN_CONSTANT_CONVERSION = YES;
				CLANG_WARN_DEPRECATED_OBJC_IMPLEMENTATIONS = YES;
				CLANG_WARN_EMPTY_BODY = YES;
				CLANG_WARN_ENUM_CONVERSION = YES;
				CLANG_WARN_INFINITE_RECURSION = YES;
				CLANG_WARN_INT_CONVERSION = YES;
				CLANG_WARN_NON_LITERAL_NULL_CONVERSION = YES;
				CLANG_WARN_OBJC_IMPLICIT_RETAIN_SELF = YES;
				CLANG_WARN_OBJC_LITERAL_CONVERSION = YES;
				CLANG_WARN_QUOTED_INCLUDE_IN_FRAMEWORK_HEADER = YES;
				CLANG_WARN_RANGE_LOOP_ANALYSIS = YES;
				CLANG_WARN_STRICT_PROTOTYPES = YES;
				CLANG_WARN_SUSPICIOUS_MOVE = YES;
				CLANG_WARN_UNREACHABLE_CODE = YES;
				CLANG_WARN__DUPLICATE_METHOD_MATCH = YES;
				ENABLE_STRICT_OBJC_MSGSEND = YES;
				GCC_NO_COMMON_BLOCKS = YES;
				GCC_SYMBOLS_PRIVATE_EXTERN = YES;
				GCC_WARN_64_TO_32_BIT_CONVERSION = YES;
				GCC_WARN_ABOUT_RETURN_TYPE = YES;
				GCC_WARN_UNDECLARED_SELECTOR = YES;
				GCC_WARN_UNINITIALIZED_AUTOS = YES;
				GCC_WARN_UNUSED_FUNCTION = YES;
				GCC_WARN_UNUSED_VARIABLE = YES;
				OTHER_CPLUSPLUSFLAGS = (
					"$(OTHER_CFLAGS)",
					"-std=c++1z",
				);
			};
			name = Release;
		};
		2C1778941CE0A9EA00BB8AD0 /* Debug */ = {
			isa = XCBuildConfiguration;
			buildSettings = {
				ALWAYS_SEARCH_USER_PATHS = NO;
				ASSETCATALOG_COMPILER_APPICON_NAME = AppIcon;
				CLANG_ANALYZER_NONNULL = YES;
				CLANG_CXX_LANGUAGE_STANDARD = "c++2a";
				CLANG_CXX_LIBRARY = "libc++";
				CLANG_ENABLE_MODULES = YES;
				CLANG_ENABLE_OBJC_ARC = YES;
				CLANG_WARN_BOOL_CONVERSION = YES;
				CLANG_WARN_CONSTANT_CONVERSION = YES;
				CLANG_WARN_DIRECT_OBJC_ISA_USAGE = YES_ERROR;
				CLANG_WARN_EMPTY_BODY = YES;
				CLANG_WARN_ENUM_CONVERSION = YES;
				CLANG_WARN_INT_CONVERSION = YES;
				CLANG_WARN_OBJC_ROOT_CLASS = YES_ERROR;
				CLANG_WARN_UNREACHABLE_CODE = YES;
				CLANG_WARN__DUPLICATE_METHOD_MATCH = YES;
				CODE_SIGN_IDENTITY = "-";
				COMBINE_HIDPI_IMAGES = YES;
				CONFIGURATION_BUILD_DIR = "$(SRCROOT)/App/";
				COPY_PHASE_STRIP = NO;
				DEBUG_INFORMATION_FORMAT = dwarf;
				ENABLE_STRICT_OBJC_MSGSEND = YES;
				ENABLE_TESTABILITY = YES;
				GCC_C_LANGUAGE_STANDARD = gnu99;
				GCC_DYNAMIC_NO_PIC = NO;
				GCC_NO_COMMON_BLOCKS = YES;
				GCC_OPTIMIZATION_LEVEL = 0;
				GCC_PREPROCESSOR_DEFINITIONS = (
					"DEBUG=1",
					"$(inherited)",
				);
				GCC_SYMBOLS_PRIVATE_EXTERN = YES;
				GCC_WARN_64_TO_32_BIT_CONVERSION = YES;
				GCC_WARN_ABOUT_RETURN_TYPE = YES_ERROR;
				GCC_WARN_UNDECLARED_SELECTOR = YES;
				GCC_WARN_UNINITIALIZED_AUTOS = YES_AGGRESSIVE;
				GCC_WARN_UNUSED_FUNCTION = YES;
				GCC_WARN_UNUSED_VARIABLE = YES;
				HEADER_SEARCH_PATHS = (
					../../include,
					../../include/ThirdParty,
				);
				INFOPLIST_FILE = Info.plist;
				LD_RUNPATH_SEARCH_PATHS = "$(inherited) @executable_path/../Frameworks";
				LIBRARY_SEARCH_PATHS = (
					../../lib/macOS,
					../../lib/macOS/boost,
					../../lib/macOS/freetype,
					../../lib/macOS/harfbuzz,
					../../lib/macOS/libgif,
					"../../lib/macOS/libjpeg-turbo",
					../../lib/macOS/libogg,
					../../lib/macOS/libpng,
					../../lib/macOS/libtiff,
					../../lib/macOS/libvorbis,
					../../lib/macOS/libwebp,
					../../lib/macOS/opencv,
					../../lib/macOS/opus,
					../../lib/macOS/zlib,
				);
				MACOSX_DEPLOYMENT_TARGET = 10.15;
				MTL_ENABLE_DEBUG_INFO = YES;
				ONLY_ACTIVE_ARCH = YES;
				OTHER_CPLUSPLUSFLAGS = (
					"$(OTHER_CFLAGS)",
					"-fvisibility=hidden",
				);
				PRODUCT_BUNDLE_IDENTIFIER = siv3d.empty;
				PRODUCT_NAME = "$(TARGET_NAME)";
				SDKROOT = macosx;
				WARNING_CFLAGS = (
					"-Wall",
					"-Wextra",
					"-Wno-unknown-pragmas",
				);
			};
			name = Debug;
		};
		2C1778951CE0A9EA00BB8AD0 /* Release */ = {
			isa = XCBuildConfiguration;
			buildSettings = {
				ALWAYS_SEARCH_USER_PATHS = NO;
				ASSETCATALOG_COMPILER_APPICON_NAME = AppIcon;
				CLANG_ANALYZER_NONNULL = YES;
				CLANG_CXX_LANGUAGE_STANDARD = "c++2a";
				CLANG_CXX_LIBRARY = "libc++";
				CLANG_ENABLE_MODULES = YES;
				CLANG_ENABLE_OBJC_ARC = YES;
				CLANG_WARN_BOOL_CONVERSION = YES;
				CLANG_WARN_CONSTANT_CONVERSION = YES;
				CLANG_WARN_DIRECT_OBJC_ISA_USAGE = YES_ERROR;
				CLANG_WARN_EMPTY_BODY = YES;
				CLANG_WARN_ENUM_CONVERSION = YES;
				CLANG_WARN_INT_CONVERSION = YES;
				CLANG_WARN_OBJC_ROOT_CLASS = YES_ERROR;
				CLANG_WARN_UNREACHABLE_CODE = YES;
				CLANG_WARN__DUPLICATE_METHOD_MATCH = YES;
				CODE_SIGN_IDENTITY = "-";
				COMBINE_HIDPI_IMAGES = YES;
				CONFIGURATION_BUILD_DIR = "$(SRCROOT)/App/";
				COPY_PHASE_STRIP = NO;
				DEBUG_INFORMATION_FORMAT = "dwarf-with-dsym";
				ENABLE_NS_ASSERTIONS = NO;
				ENABLE_STRICT_OBJC_MSGSEND = YES;
				GCC_C_LANGUAGE_STANDARD = gnu99;
				GCC_NO_COMMON_BLOCKS = YES;
				GCC_SYMBOLS_PRIVATE_EXTERN = YES;
				GCC_WARN_64_TO_32_BIT_CONVERSION = YES;
				GCC_WARN_ABOUT_RETURN_TYPE = YES_ERROR;
				GCC_WARN_UNDECLARED_SELECTOR = YES;
				GCC_WARN_UNINITIALIZED_AUTOS = YES_AGGRESSIVE;
				GCC_WARN_UNUSED_FUNCTION = YES;
				GCC_WARN_UNUSED_VARIABLE = YES;
				HEADER_SEARCH_PATHS = (
					../../include,
					../../include/ThirdParty,
				);
				INFOPLIST_FILE = Info.plist;
				LD_RUNPATH_SEARCH_PATHS = "$(inherited) @executable_path/../Frameworks";
				LIBRARY_SEARCH_PATHS = (
					../../lib/macOS,
					../../lib/macOS/boost,
					../../lib/macOS/freetype,
					../../lib/macOS/harfbuzz,
					../../lib/macOS/libgif,
					"../../lib/macOS/libjpeg-turbo",
					../../lib/macOS/libogg,
					../../lib/macOS/libpng,
					../../lib/macOS/libtiff,
					../../lib/macOS/libvorbis,
					../../lib/macOS/libwebp,
					../../lib/macOS/opencv,
					../../lib/macOS/opus,
					../../lib/macOS/zlib,
				);
				MACOSX_DEPLOYMENT_TARGET = 10.15;
				MTL_ENABLE_DEBUG_INFO = NO;
				ONLY_ACTIVE_ARCH = YES;
				OTHER_CPLUSPLUSFLAGS = (
					"$(OTHER_CFLAGS)",
					"-fvisibility=hidden",
				);
				PRODUCT_BUNDLE_IDENTIFIER = siv3d.empty;
				PRODUCT_NAME = "$(TARGET_NAME)";
				SDKROOT = macosx;
				WARNING_CFLAGS = (
					"-Wall",
					"-Wextra",
					"-Wno-unknown-pragmas",
				);
			};
			name = Release;
		};
/* End XCBuildConfiguration section */

/* Begin XCConfigurationList section */
		2C17787D1CE0A9D800BB8AD0 /* Build configuration list for PBXProject "siv3d" */ = {
			isa = XCConfigurationList;
			buildConfigurations = (
				2C17787E1CE0A9D800BB8AD0 /* Debug */,
				2C17787F1CE0A9D800BB8AD0 /* Release */,
			);
			defaultConfigurationIsVisible = 0;
			defaultConfigurationName = Release;
		};
		2C1778931CE0A9EA00BB8AD0 /* Build configuration list for PBXNativeTarget "empty" */ = {
			isa = XCConfigurationList;
			buildConfigurations = (
				2C1778941CE0A9EA00BB8AD0 /* Debug */,
				2C1778951CE0A9EA00BB8AD0 /* Release */,
			);
			defaultConfigurationIsVisible = 0;
			defaultConfigurationName = Release;
		};
/* End XCConfigurationList section */
	};
	rootObject = 2C17787A1CE0A9D800BB8AD0 /* Project object */;
}
